%{"cadfaerl": {:git, "git://github.com/ddossot/cadfaerl.git", "2be603d0aa7aca9a42e61534807c996c3cbd7be2", []},
  "calliope": {:git, "git://github.com/nurugger07/calliope.git", "bda60dd97a16490d054c62a29a5a04b103f36803", []},
  "cowboy": {:git, "git://github.com/extend/cowboy.git", "8993249e421fbfff603cedec70e90be64d3694e6", []},
  "cowlib": {:git, "git://github.com/extend/cowlib.git", "0d4ece08a7cce90a07cf33d4edad29bc324c7d90", [ref: "0.5.1"]},
  "derp": {:git, "git://github.com/meh/derp.git", "7ed055d860292cb590d6505f44876c0311eef546", []},
  "ets_lru": {:git, "https://github.com/cloudant/ets_lru.git", "54df566f02412595f69500ce2326d31cfa55ae7a", [ref: "master"]},
  "ex_conf": {:git, "git://github.com/phoenixframework/ex_conf.git", "4ca0cbf65c70d1ce787834a0988338729dcf4098", []},
  "ex_doc": {:git, "git://github.com/elixir-lang/ex_doc.git", "c14203bfca186f68ff178e5ada9af4f5fb37e205", []},
  "exlager": {:git, "git://github.com/khia/exlager.git", "779a75350c6bf6a30b779f6d63e2d50a94c4d9a1", []},
  "exrm": {:git, "git://github.com/bitwalker/exrm.git", "6f99c6c65a09185dd1acac900a2bd31225d18253", []},
  "goldrush": {:git, "git://github.com/DeadZen/goldrush.git", "71e63212f12c25827e0c1b4198d37d5d018a7fec", [tag: "0.1.6"]},
  "hackney": {:git, "git://github.com/benoitc/hackney.git", "448025a8856b66da550ad8bb96a26477523f9f66", [tag: "0.11.1"]},
  "hackney_lib": {:git, "https://github.com/benoitc/hackney_lib.git", "bf4e6fde4dd6e08b7434af7b092596b3633a872c", [tag: "0.2.4"]},
  "hoedown": {:git, "git://github.com/hoedown/hoedown.git", "9047dc6efd3a0f0314325585b83413a1867c7541", [tag: "9047dc6efd3a0f0314325585b83413a1867c7541"]},
  "hound": {:git, "git://github.com/knewter/hound.git", "9db1a471abad3814c3bfcafe01945f21bbe143dc", [branch: "feature/elixir_v0.13_support"]},
  "httpoison": {:git, "git://github.com/knewter/httpoison.git", "93fea268b475806ac56cbf2aabcf21b3146a2302", [branch: "0.13_application_start_fix"]},
  "ibrowse": {:git, "git://github.com/cmullaparthi/ibrowse.git", "108c131d782c693bd3e26a6587da8196ef9282e3", []},
  "idna": {:git, "https://github.com/benoitc/erlang-idna.git", "1cdbcd985ddbc06ec4504d1081ca5372006f71ed", [ref: "master"]},
  "inflex": {:git, "git://github.com/nurugger07/inflex.git", "f805c97308931bdb4f6e00de1dc893da796ea6c7", []},
  "jsex": {:git, "git://github.com/talentdeficit/jsex.git", "65aa6ae7c1543a0c4e83032c04626af7be7a7f3e", []},
  "jsx": {:git, "git://github.com/talentdeficit/jsx.git", "e50af6e109cb03bd26acf715cbc77de746507d1d", [tag: "v1.4.3"]},
  "lager": {:git, "https://github.com/basho/lager.git", "1613842357c4c8cee6edadca47733ce6edc70106", []},
  "markdown": {:git, "git://github.com/knewter/markdown.git", "6f87a10d8d0a41fd5cd48eeea61b22b346d3278c", [branch: "feature/0.13-support"]},
  "mime": {:git, "git://github.com/dynamo/mime.git", "db84370c53a67a7e58a4d0cfb026f4edc64a9367", []},
  "mimetypes": {:git, "git://github.com/spawngrid/mimetypes.git", "47d37a977a7d633199822bf6b08353007483d00f", [ref: "master"]},
  "phoenix": {:git, "git://github.com/knewter/phoenix.git", "772ca06d942bff96baee55c6e64bcbe3b0b7d648", [branch: "render_haml_with_calliope"]},
  "plug": {:git, "git://github.com/elixir-lang/plug.git", "fce879565115427239e650ae690455565b2fafee", []},
  "ranch": {:git, "git://github.com/extend/ranch.git", "5df1f222f94e08abdcab7084f5e13027143cc222", [ref: "0.9.0"]}}
