[ "calliope": {:git, "git://github.com/nurugger07/calliope.git", "217513ba56817369fd2edb7b01b856454b3695ef", []},
  "cowboy": {:git, "git://github.com/extend/cowboy.git", "903594bb8709db4fa98697ecf8adbdccabf64a83", []},
  "cowlib": {:git, "git://github.com/extend/cowlib.git", "2e0fc55f71bfeb543fd2218abed85890ff1e3e82", [ref: "0.5.0"]},
  "derp": {:git, "git://github.com/meh/derp.git", "9b5f929f30df64415607fbb29e49ee7a96ff8379", []},
  "inflex": {:git, "git://github.com/nurugger07/inflex.git", "b1ab93e694fb2e6ba4721b5de26382c85e355068", []},
  "phoenix": {:git, "git://github.com/nurugger07/phoenix.git", "64eb33664de760ad77cdb0bc6f5d1783b2c56433", [branch: "render_haml_with_calliope"]},
  "plug": {:git, "git://github.com/elixir-lang/plug.git", "be264547dc45d1fce756794ae39df01ed2f53677", []},
  "ranch": {:git, "git://github.com/extend/ranch.git", "5df1f222f94e08abdcab7084f5e13027143cc222", [ref: "0.9.0"]} ]
